
Microsoft Visual Studio Solution File, Format Version 12.00
# Visual Studio Version 16
VisualStudioVersion = 16.0.32126.315
MinimumVisualStudioVersion = 10.0.40219.1
Project("{FAE04EC0-301F-11D3-BF4B-00C04F79EFBC}") = "ejercicio 4", "ejercicio 4.csproj", "{47DF765E-6CD8-4A89-98F2-164897C7C015}"
EndProject
Global
	GlobalSection(SolutionConfigurationPlatforms) = preSolution
		Debug|Any CPU = Debug|Any CPU
		Release|Any CPU = Release|Any CPU
	EndGlobalSection
	GlobalSection(ProjectConfigurationPlatforms) = postSolution
		{47DF765E-6CD8-4A89-98F2-164897C7C015}.Debug|Any CPU.ActiveCfg = Debug|Any CPU
		{47DF765E-6CD8-4A89-98F2-164897C7C015}.Debug|Any CPU.Build.0 = Debug|Any CPU
		{47DF765E-6CD8-4A89-98F2-164897C7C015}.Release|Any CPU.ActiveCfg = Release|Any CPU
		{47DF765E-6CD8-4A89-98F2-164897C7C015}.Release|Any CPU.Build.0 = Release|Any CPU
	EndGlobalSection
	GlobalSection(SolutionProperties) = preSolution
		HideSolutionNode = FALSE
	EndGlobalSection
	GlobalSection(ExtensibilityGlobals) = postSolution
		SolutionGuid = {38FA8B8E-E4F7-4A3D-858E-7840E262B21D}
	EndGlobalSection
EndGlobal
